// !$*UTF8*$!
{
	archiveVersion = 1;
	classes = {
	};
	objectVersion = 56;
	objects = {

/* Begin PBXBuildFile section */
		CEC0704C2ABA2CB7004DCC10 /* AppDelegate.swift in Sources */ = {isa = PBXBuildFile; fileRef = CEC0704B2ABA2CB7004DCC10 /* AppDelegate.swift */; };
		CEC0704E2ABA2CB7004DCC10 /* SceneDelegate.swift in Sources */ = {isa = PBXBuildFile; fileRef = CEC0704D2ABA2CB7004DCC10 /* SceneDelegate.swift */; };
		CEC070502ABA2CB7004DCC10 /* ViewController.swift in Sources */ = {isa = PBXBuildFile; fileRef = CEC0704F2ABA2CB7004DCC10 /* ViewController.swift */; };
		CEC070532ABA2CB7004DCC10 /* Main.storyboard in Resources */ = {isa = PBXBuildFile; fileRef = CEC070512ABA2CB7004DCC10 /* Main.storyboard */; };
		CEC070552ABA2CB8004DCC10 /* Assets.xcassets in Resources */ = {isa = PBXBuildFile; fileRef = CEC070542ABA2CB8004DCC10 /* Assets.xcassets */; };
		CEC070582ABA2CB8004DCC10 /* LaunchScreen.storyboard in Resources */ = {isa = PBXBuildFile; fileRef = CEC070562ABA2CB8004DCC10 /* LaunchScreen.storyboard */; };
		CEC070662ABC2C23004DCC10 /* AppDelegate.swift in Sources */ = {isa = PBXBuildFile; fileRef = CEC070652ABC2C23004DCC10 /* AppDelegate.swift */; };
		CEC070682ABC2C23004DCC10 /* SceneDelegate.swift in Sources */ = {isa = PBXBuildFile; fileRef = CEC070672ABC2C23004DCC10 /* SceneDelegate.swift */; };
		CEC0706A2ABC2C23004DCC10 /* ViewController.swift in Sources */ = {isa = PBXBuildFile; fileRef = CEC070692ABC2C23004DCC10 /* ViewController.swift */; };
		CEC0706D2ABC2C23004DCC10 /* Main.storyboard in Resources */ = {isa = PBXBuildFile; fileRef = CEC0706B2ABC2C23004DCC10 /* Main.storyboard */; };
		CEC0706F2ABC2C24004DCC10 /* Assets.xcassets in Resources */ = {isa = PBXBuildFile; fileRef = CEC0706E2ABC2C24004DCC10 /* Assets.xcassets */; };
		CEC070722ABC2C24004DCC10 /* LaunchScreen.storyboard in Resources */ = {isa = PBXBuildFile; fileRef = CEC070702ABC2C24004DCC10 /* LaunchScreen.storyboard */; };
		CEDA873C2ABC4F5C008B76E4 /* ResultViewController.swift in Sources */ = {isa = PBXBuildFile; fileRef = CEDA873B2ABC4F5C008B76E4 /* ResultViewController.swift */; };
/* End PBXBuildFile section */

/* Begin PBXFileReference section */
		CEC070482ABA2CB7004DCC10 /* firstApp.app */ = {isa = PBXFileReference; explicitFileType = wrapper.application; includeInIndex = 0; path = firstApp.app; sourceTree = BUILT_PRODUCTS_DIR; };
		CEC0704B2ABA2CB7004DCC10 /* AppDelegate.swift */ = {isa = PBXFileReference; lastKnownFileType = sourcecode.swift; path = AppDelegate.swift; sourceTree = "<group>"; };
		CEC0704D2ABA2CB7004DCC10 /* SceneDelegate.swift */ = {isa = PBXFileReference; lastKnownFileType = sourcecode.swift; path = SceneDelegate.swift; sourceTree = "<group>"; };
		CEC0704F2ABA2CB7004DCC10 /* ViewController.swift */ = {isa = PBXFileReference; lastKnownFileType = sourcecode.swift; path = ViewController.swift; sourceTree = "<group>"; };
		CEC070522ABA2CB7004DCC10 /* Base */ = {isa = PBXFileReference; lastKnownFileType = file.storyboard; name = Base; path = Base.lproj/Main.storyboard; sourceTree = "<group>"; };
		CEC070542ABA2CB8004DCC10 /* Assets.xcassets */ = {isa = PBXFileReference; lastKnownFileType = folder.assetcatalog; path = Assets.xcassets; sourceTree = "<group>"; };
		CEC070572ABA2CB8004DCC10 /* Base */ = {isa = PBXFileReference; lastKnownFileType = file.storyboard; name = Base; path = Base.lproj/LaunchScreen.storyboard; sourceTree = "<group>"; };
		CEC070592ABA2CB8004DCC10 /* Info.plist */ = {isa = PBXFileReference; lastKnownFileType = text.plist.xml; path = Info.plist; sourceTree = "<group>"; };
		CEC070632ABC2C23004DCC10 /* namesApp.app */ = {isa = PBXFileReference; explicitFileType = wrapper.application; includeInIndex = 0; path = namesApp.app; sourceTree = BUILT_PRODUCTS_DIR; };
		CEC070652ABC2C23004DCC10 /* AppDelegate.swift */ = {isa = PBXFileReference; lastKnownFileType = sourcecode.swift; path = AppDelegate.swift; sourceTree = "<group>"; };
		CEC070672ABC2C23004DCC10 /* SceneDelegate.swift */ = {isa = PBXFileReference; lastKnownFileType = sourcecode.swift; path = SceneDelegate.swift; sourceTree = "<group>"; };
		CEC070692ABC2C23004DCC10 /* ViewController.swift */ = {isa = PBXFileReference; lastKnownFileType = sourcecode.swift; path = ViewController.swift; sourceTree = "<group>"; };
		CEC0706C2ABC2C23004DCC10 /* Base */ = {isa = PBXFileReference; lastKnownFileType = file.storyboard; name = Base; path = Base.lproj/Main.storyboard; sourceTree = "<group>"; };
		CEC0706E2ABC2C24004DCC10 /* Assets.xcassets */ = {isa = PBXFileReference; lastKnownFileType = folder.assetcatalog; path = Assets.xcassets; sourceTree = "<group>"; };
		CEC070712ABC2C24004DCC10 /* Base */ = {isa = PBXFileReference; lastKnownFileType = file.storyboard; name = Base; path = Base.lproj/LaunchScreen.storyboard; sourceTree = "<group>"; };
		CEC070732ABC2C24004DCC10 /* Info.plist */ = {isa = PBXFileReference; lastKnownFileType = text.plist.xml; path = Info.plist; sourceTree = "<group>"; };
		CEDA873B2ABC4F5C008B76E4 /* ResultViewController.swift */ = {isa = PBXFileReference; lastKnownFileType = sourcecode.swift; path = ResultViewController.swift; sourceTree = "<group>"; };
/* End PBXFileReference section */

/* Begin PBXFrameworksBuildPhase section */
		CEC070452ABA2CB7004DCC10 /* Frameworks */ = {
			isa = PBXFrameworksBuildPhase;
			buildActionMask = 2147483647;
			files = (
			);
			runOnlyForDeploymentPostprocessing = 0;
		};
		CEC070602ABC2C23004DCC10 /* Frameworks */ = {
			isa = PBXFrameworksBuildPhase;
			buildActionMask = 2147483647;
			files = (
			);
			runOnlyForDeploymentPostprocessing = 0;
		};
/* End PBXFrameworksBuildPhase section */

/* Begin PBXGroup section */
		CEC0703F2ABA2CB7004DCC10 = {
			isa = PBXGroup;
			children = (
				CEC0704A2ABA2CB7004DCC10 /* firstApp */,
				CEC070642ABC2C23004DCC10 /* namesApp */,
				CEC070492ABA2CB7004DCC10 /* Products */,
			);
			sourceTree = "<group>";
		};
		CEC070492ABA2CB7004DCC10 /* Products */ = {
			isa = PBXGroup;
			children = (
				CEC070482ABA2CB7004DCC10 /* firstApp.app */,
				CEC070632ABC2C23004DCC10 /* namesApp.app */,
			);
			name = Products;
			sourceTree = "<group>";
		};
		CEC0704A2ABA2CB7004DCC10 /* firstApp */ = {
			isa = PBXGroup;
			children = (
				CEC0704B2ABA2CB7004DCC10 /* AppDelegate.swift */,
				CEC0704D2ABA2CB7004DCC10 /* SceneDelegate.swift */,
				CEC0704F2ABA2CB7004DCC10 /* ViewController.swift */,
				CEC070512ABA2CB7004DCC10 /* Main.storyboard */,
				CEC070542ABA2CB8004DCC10 /* Assets.xcassets */,
				CEC070562ABA2CB8004DCC10 /* LaunchScreen.storyboard */,
				CEC070592ABA2CB8004DCC10 /* Info.plist */,
			);
			path = firstApp;
			sourceTree = "<group>";
		};
		CEC070642ABC2C23004DCC10 /* namesApp */ = {
			isa = PBXGroup;
			children = (
				CEC070652ABC2C23004DCC10 /* AppDelegate.swift */,
				CEC070672ABC2C23004DCC10 /* SceneDelegate.swift */,
				CEC070692ABC2C23004DCC10 /* ViewController.swift */,
				CEC0706B2ABC2C23004DCC10 /* Main.storyboard */,
				CEC0706E2ABC2C24004DCC10 /* Assets.xcassets */,
				CEC070702ABC2C24004DCC10 /* LaunchScreen.storyboard */,
				CEC070732ABC2C24004DCC10 /* Info.plist */,
				CEDA873B2ABC4F5C008B76E4 /* ResultViewController.swift */,
			);
			path = namesApp;
			sourceTree = "<group>";
		};
/* End PBXGroup section */

/* Begin PBXNativeTarget section */
		CEC070472ABA2CB7004DCC10 /* firstApp */ = {
			isa = PBXNativeTarget;
			buildConfigurationList = CEC0705C2ABA2CB8004DCC10 /* Build configuration list for PBXNativeTarget "firstApp" */;
			buildPhases = (
				CEC070442ABA2CB7004DCC10 /* Sources */,
				CEC070452ABA2CB7004DCC10 /* Frameworks */,
				CEC070462ABA2CB7004DCC10 /* Resources */,
			);
			buildRules = (
			);
			dependencies = (
			);
			name = firstApp;
			productName = swiftbook.FirstApp;
			productReference = CEC070482ABA2CB7004DCC10 /* firstApp.app */;
			productType = "com.apple.product-type.application";
		};
		CEC070622ABC2C23004DCC10 /* namesApp */ = {
			isa = PBXNativeTarget;
			buildConfigurationList = CEC070742ABC2C24004DCC10 /* Build configuration list for PBXNativeTarget "namesApp" */;
			buildPhases = (
				CEC0705F2ABC2C23004DCC10 /* Sources */,
				CEC070602ABC2C23004DCC10 /* Frameworks */,
				CEC070612ABC2C23004DCC10 /* Resources */,
			);
			buildRules = (
			);
			dependencies = (
			);
			name = namesApp;
			productName = namesApp;
			productReference = CEC070632ABC2C23004DCC10 /* namesApp.app */;
			productType = "com.apple.product-type.application";
		};
/* End PBXNativeTarget section */

/* Begin PBXProject section */
		CEC070402ABA2CB7004DCC10 /* Project object */ = {
			isa = PBXProject;
			attributes = {
				BuildIndependentTargetsInParallel = 1;
				LastSwiftUpdateCheck = 1430;
				LastUpgradeCheck = 1430;
				TargetAttributes = {
					CEC070472ABA2CB7004DCC10 = {
						CreatedOnToolsVersion = 14.3.1;
					};
					CEC070622ABC2C23004DCC10 = {
						CreatedOnToolsVersion = 14.3.1;
					};
				};
			};
			buildConfigurationList = CEC070432ABA2CB7004DCC10 /* Build configuration list for PBXProject "projects" */;
			compatibilityVersion = "Xcode 14.0";
			developmentRegion = en;
			hasScannedForEncodings = 0;
			knownRegions = (
				en,
				Base,
			);
			mainGroup = CEC0703F2ABA2CB7004DCC10;
			productRefGroup = CEC070492ABA2CB7004DCC10 /* Products */;
			projectDirPath = "";
			projectRoot = "";
			targets = (
				CEC070472ABA2CB7004DCC10 /* firstApp */,
				CEC070622ABC2C23004DCC10 /* namesApp */,
			);
		};
/* End PBXProject section */

/* Begin PBXResourcesBuildPhase section */
		CEC070462ABA2CB7004DCC10 /* Resources */ = {
			isa = PBXResourcesBuildPhase;
			buildActionMask = 2147483647;
			files = (
				CEC070582ABA2CB8004DCC10 /* LaunchScreen.storyboard in Resources */,
				CEC070552ABA2CB8004DCC10 /* Assets.xcassets in Resources */,
				CEC070532ABA2CB7004DCC10 /* Main.storyboard in Resources */,
			);
			runOnlyForDeploymentPostprocessing = 0;
		};
		CEC070612ABC2C23004DCC10 /* Resources */ = {
			isa = PBXResourcesBuildPhase;
			buildActionMask = 2147483647;
			files = (
				CEC070722ABC2C24004DCC10 /* LaunchScreen.storyboard in Resources */,
				CEC0706F2ABC2C24004DCC10 /* Assets.xcassets in Resources */,
				CEC0706D2ABC2C23004DCC10 /* Main.storyboard in Resources */,
			);
			runOnlyForDeploymentPostprocessing = 0;
		};
/* End PBXResourcesBuildPhase section */

/* Begin PBXSourcesBuildPhase section */
		CEC070442ABA2CB7004DCC10 /* Sources */ = {
			isa = PBXSourcesBuildPhase;
			buildActionMask = 2147483647;
			files = (
				CEC070502ABA2CB7004DCC10 /* ViewController.swift in Sources */,
				CEC0704C2ABA2CB7004DCC10 /* AppDelegate.swift in Sources */,
				CEC0704E2ABA2CB7004DCC10 /* SceneDelegate.swift in Sources */,
			);
			runOnlyForDeploymentPostprocessing = 0;
		};
		CEC0705F2ABC2C23004DCC10 /* Sources */ = {
			isa = PBXSourcesBuildPhase;
			buildActionMask = 2147483647;
			files = (
				CEC0706A2ABC2C23004DCC10 /* ViewController.swift in Sources */,
				CEC070662ABC2C23004DCC10 /* AppDelegate.swift in Sources */,
				CEC070682ABC2C23004DCC10 /* SceneDelegate.swift in Sources */,
				CEDA873C2ABC4F5C008B76E4 /* ResultViewController.swift in Sources */,
			);
			runOnlyForDeploymentPostprocessing = 0;
		};
/* End PBXSourcesBuildPhase section */

/* Begin PBXVariantGroup section */
		CEC070512ABA2CB7004DCC10 /* Main.storyboard */ = {
			isa = PBXVariantGroup;
			children = (
				CEC070522ABA2CB7004DCC10 /* Base */,
			);
			name = Main.storyboard;
			sourceTree = "<group>";
		};
		CEC070562ABA2CB8004DCC10 /* LaunchScreen.storyboard */ = {
			isa = PBXVariantGroup;
			children = (
				CEC070572ABA2CB8004DCC10 /* Base */,
			);
			name = LaunchScreen.storyboard;
			sourceTree = "<group>";
		};
		CEC0706B2ABC2C23004DCC10 /* Main.storyboard */ = {
			isa = PBXVariantGroup;
			children = (
				CEC0706C2ABC2C23004DCC10 /* Base */,
			);
			name = Main.storyboard;
			sourceTree = "<group>";
		};
		CEC070702ABC2C24004DCC10 /* LaunchScreen.storyboard */ = {
			isa = PBXVariantGroup;
			children = (
				CEC070712ABC2C24004DCC10 /* Base */,
			);
			name = LaunchScreen.storyboard;
			sourceTree = "<group>";
		};
/* End PBXVariantGroup section */

/* Begin XCBuildConfiguration section */
		CEC0705A2ABA2CB8004DCC10 /* Debug */ = {
			isa = XCBuildConfiguration;
			buildSettings = {
				ALWAYS_SEARCH_USER_PATHS = NO;
				CLANG_ANALYZER_NONNULL = YES;
				CLANG_ANALYZER_NUMBER_OBJECT_CONVERSION = YES_AGGRESSIVE;
				CLANG_CXX_LANGUAGE_STANDARD = "gnu++20";
				CLANG_ENABLE_MODULES = YES;
				CLANG_ENABLE_OBJC_ARC = YES;
				CLANG_ENABLE_OBJC_WEAK = YES;
				CLANG_WARN_BLOCK_CAPTURE_AUTORELEASING = YES;
				CLANG_WARN_BOOL_CONVERSION = YES;
				CLANG_WARN_COMMA = YES;
				CLANG_WARN_CONSTANT_CONVERSION = YES;
				CLANG_WARN_DEPRECATED_OBJC_IMPLEMENTATIONS = YES;
				CLANG_WARN_DIRECT_OBJC_ISA_USAGE = YES_ERROR;
				CLANG_WARN_DOCUMENTATION_COMMENTS = YES;
				CLANG_WARN_EMPTY_BODY = YES;
				CLANG_WARN_ENUM_CONVERSION = YES;
				CLANG_WARN_INFINITE_RECURSION = YES;
				CLANG_WARN_INT_CONVERSION = YES;
				CLANG_WARN_NON_LITERAL_NULL_CONVERSION = YES;
				CLANG_WARN_OBJC_IMPLICIT_RETAIN_SELF = YES;
				CLANG_WARN_OBJC_LITERAL_CONVERSION = YES;
				CLANG_WARN_OBJC_ROOT_CLASS = YES_ERROR;
				CLANG_WARN_QUOTED_INCLUDE_IN_FRAMEWORK_HEADER = YES;
				CLANG_WARN_RANGE_LOOP_ANALYSIS = YES;
				CLANG_WARN_STRICT_PROTOTYPES = YES;
				CLANG_WARN_SUSPICIOUS_MOVE = YES;
				CLANG_WARN_UNGUARDED_AVAILABILITY = YES_AGGRESSIVE;
				CLANG_WARN_UNREACHABLE_CODE = YES;
				CLANG_WARN__DUPLICATE_METHOD_MATCH = YES;
				COPY_PHASE_STRIP = NO;
				DEBUG_INFORMATION_FORMAT = dwarf;
				ENABLE_STRICT_OBJC_MSGSEND = YES;
				ENABLE_TESTABILITY = YES;
				GCC_C_LANGUAGE_STANDARD = gnu11;
				GCC_DYNAMIC_NO_PIC = NO;
				GCC_NO_COMMON_BLOCKS = YES;
				GCC_OPTIMIZATION_LEVEL = 0;
				GCC_PREPROCESSOR_DEFINITIONS = (
					"DEBUG=1",
					"$(inherited)",
				);
				GCC_WARN_64_TO_32_BIT_CONVERSION = YES;
				GCC_WARN_ABOUT_RETURN_TYPE = YES_ERROR;
				GCC_WARN_UNDECLARED_SELECTOR = YES;
				GCC_WARN_UNINITIALIZED_AUTOS = YES_AGGRESSIVE;
				GCC_WARN_UNUSED_FUNCTION = YES;
				GCC_WARN_UNUSED_VARIABLE = YES;
				IPHONEOS_DEPLOYMENT_TARGET = 16.4;
				MTL_ENABLE_DEBUG_INFO = INCLUDE_SOURCE;
				MTL_FAST_MATH = YES;
				ONLY_ACTIVE_ARCH = YES;
				SDKROOT = iphoneos;
				SWIFT_ACTIVE_COMPILATION_CONDITIONS = DEBUG;
				SWIFT_OPTIMIZATION_LEVEL = "-Onone";
			};
			name = Debug;
		};
		CEC0705B2ABA2CB8004DCC10 /* Release */ = {
			isa = XCBuildConfiguration;
			buildSettings = {
				ALWAYS_SEARCH_USER_PATHS = NO;
				CLANG_ANALYZER_NONNULL = YES;
				CLANG_ANALYZER_NUMBER_OBJECT_CONVERSION = YES_AGGRESSIVE;
				CLANG_CXX_LANGUAGE_STANDARD = "gnu++20";
				CLANG_ENABLE_MODULES = YES;
				CLANG_ENABLE_OBJC_ARC = YES;
				CLANG_ENABLE_OBJC_WEAK = YES;
				CLANG_WARN_BLOCK_CAPTURE_AUTORELEASING = YES;
				CLANG_WARN_BOOL_CONVERSION = YES;
				CLANG_WARN_COMMA = YES;
				CLANG_WARN_CONSTANT_CONVERSION = YES;
				CLANG_WARN_DEPRECATED_OBJC_IMPLEMENTATIONS = YES;
				CLANG_WARN_DIRECT_OBJC_ISA_USAGE = YES_ERROR;
				CLANG_WARN_DOCUMENTATION_COMMENTS = YES;
				CLANG_WARN_EMPTY_BODY = YES;
				CLANG_WARN_ENUM_CONVERSION = YES;
				CLANG_WARN_INFINITE_RECURSION = YES;
				CLANG_WARN_INT_CONVERSION = YES;
				CLANG_WARN_NON_LITERAL_NULL_CONVERSION = YES;
				CLANG_WARN_OBJC_IMPLICIT_RETAIN_SELF = YES;
				CLANG_WARN_OBJC_LITERAL_CONVERSION = YES;
				CLANG_WARN_OBJC_ROOT_CLASS = YES_ERROR;
				CLANG_WARN_QUOTED_INCLUDE_IN_FRAMEWORK_HEADER = YES;
				CLANG_WARN_RANGE_LOOP_ANALYSIS = YES;
				CLANG_WARN_STRICT_PROTOTYPES = YES;
				CLANG_WARN_SUSPICIOUS_MOVE = YES;
				CLANG_WARN_UNGUARDED_AVAILABILITY = YES_AGGRESSIVE;
				CLANG_WARN_UNREACHABLE_CODE = YES;
				CLANG_WARN__DUPLICATE_METHOD_MATCH = YES;
				COPY_PHASE_STRIP = NO;
				DEBUG_INFORMATION_FORMAT = "dwarf-with-dsym";
				ENABLE_NS_ASSERTIONS = NO;
				ENABLE_STRICT_OBJC_MSGSEND = YES;
				GCC_C_LANGUAGE_STANDARD = gnu11;
				GCC_NO_COMMON_BLOCKS = YES;
				GCC_WARN_64_TO_32_BIT_CONVERSION = YES;
				GCC_WARN_ABOUT_RETURN_TYPE = YES_ERROR;
				GCC_WARN_UNDECLARED_SELECTOR = YES;
				GCC_WARN_UNINITIALIZED_AUTOS = YES_AGGRESSIVE;
				GCC_WARN_UNUSED_FUNCTION = YES;
				GCC_WARN_UNUSED_VARIABLE = YES;
				IPHONEOS_DEPLOYMENT_TARGET = 16.4;
				MTL_ENABLE_DEBUG_INFO = NO;
				MTL_FAST_MATH = YES;
				SDKROOT = iphoneos;
				SWIFT_COMPILATION_MODE = wholemodule;
				SWIFT_OPTIMIZATION_LEVEL = "-O";
				VALIDATE_PRODUCT = YES;
			};
			name = Release;
		};
		CEC0705D2ABA2CB8004DCC10 /* Debug */ = {
			isa = XCBuildConfiguration;
			buildSettings = {
				ASSETCATALOG_COMPILER_APPICON_NAME = AppIcon;
				ASSETCATALOG_COMPILER_GLOBAL_ACCENT_COLOR_NAME = AccentColor;
				CODE_SIGN_STYLE = Automatic;
				CURRENT_PROJECT_VERSION = 1;
				DEVELOPMENT_TEAM = Y85W9KQ42M;
				GENERATE_INFOPLIST_FILE = YES;
				INFOPLIST_FILE = swiftbook.FirstApp/Info.plist;
				INFOPLIST_KEY_CFBundleDisplayName = firstApp;
				INFOPLIST_KEY_UIApplicationSupportsIndirectInputEvents = YES;
				INFOPLIST_KEY_UILaunchStoryboardName = LaunchScreen;
				INFOPLIST_KEY_UIMainStoryboardFile = Main;
				INFOPLIST_KEY_UISupportedInterfaceOrientations = UIInterfaceOrientationPortrait;
				INFOPLIST_KEY_UISupportedInterfaceOrientations_iPad = "UIInterfaceOrientationLandscapeLeft UIInterfaceOrientationLandscapeRight UIInterfaceOrientationPortrait UIInterfaceOrientationPortraitUpsideDown";
				LD_RUNPATH_SEARCH_PATHS = (
					"$(inherited)",
					"@executable_path/Frameworks",
				);
				MARKETING_VERSION = 1.0;
				PRODUCT_BUNDLE_IDENTIFIER = "anzhelika.swiftbook-FirstApp";
				PRODUCT_NAME = "$(TARGET_NAME)";
				SUPPORTED_PLATFORMS = "iphoneos iphonesimulator";
				SUPPORTS_MACCATALYST = NO;
				SUPPORTS_MAC_DESIGNED_FOR_IPHONE_IPAD = NO;
				SWIFT_EMIT_LOC_STRINGS = YES;
				SWIFT_VERSION = 5.0;
				TARGETED_DEVICE_FAMILY = 1;
			};
			name = Debug;
		};
		CEC0705E2ABA2CB8004DCC10 /* Release */ = {
			isa = XCBuildConfiguration;
			buildSettings = {
				ASSETCATALOG_COMPILER_APPICON_NAME = AppIcon;
				ASSETCATALOG_COMPILER_GLOBAL_ACCENT_COLOR_NAME = AccentColor;
				CODE_SIGN_IDENTITY = "Apple Development";
				CODE_SIGN_STYLE = Automatic;
				CURRENT_PROJECT_VERSION = 1;
				DEVELOPMENT_TEAM = Y85W9KQ42M;
				GENERATE_INFOPLIST_FILE = YES;
				INFOPLIST_FILE = swiftbook.FirstApp/Info.plist;
				INFOPLIST_KEY_CFBundleDisplayName = firstApp;
				INFOPLIST_KEY_UIApplicationSupportsIndirectInputEvents = YES;
				INFOPLIST_KEY_UILaunchStoryboardName = LaunchScreen;
				INFOPLIST_KEY_UIMainStoryboardFile = Main;
				INFOPLIST_KEY_UISupportedInterfaceOrientations = UIInterfaceOrientationPortrait;
				INFOPLIST_KEY_UISupportedInterfaceOrientations_iPad = "UIInterfaceOrientationLandscapeLeft UIInterfaceOrientationLandscapeRight UIInterfaceOrientationPortrait UIInterfaceOrientationPortraitUpsideDown";
				LD_RUNPATH_SEARCH_PATHS = (
					"$(inherited)",
					"@executable_path/Frameworks",
				);
				MARKETING_VERSION = 1.0;
				PRODUCT_BUNDLE_IDENTIFIER = "anzhelika.swiftbook-FirstApp";
				PRODUCT_NAME = "$(TARGET_NAME)";
				PROVISIONING_PROFILE_SPECIFIER = "";
				SUPPORTED_PLATFORMS = "iphoneos iphonesimulator";
				SUPPORTS_MACCATALYST = NO;
				SUPPORTS_MAC_DESIGNED_FOR_IPHONE_IPAD = NO;
				SWIFT_EMIT_LOC_STRINGS = YES;
				SWIFT_VERSION = 5.0;
				TARGETED_DEVICE_FAMILY = 1;
			};
			name = Release;
		};
		CEC070752ABC2C24004DCC10 /* Debug */ = {
			isa = XCBuildConfiguration;
			buildSettings = {
				ASSETCATALOG_COMPILER_APPICON_NAME = AppIcon;
				ASSETCATALOG_COMPILER_GLOBAL_ACCENT_COLOR_NAME = AccentColor;
				CODE_SIGN_STYLE = Automatic;
				CURRENT_PROJECT_VERSION = 1;
				DEVELOPMENT_TEAM = Y85W9KQ42M;
				GENERATE_INFOPLIST_FILE = YES;
				INFOPLIST_FILE = namesApp/Info.plist;
				INFOPLIST_KEY_CFBundleDisplayName = namesApp;
				INFOPLIST_KEY_UIApplicationSupportsIndirectInputEvents = YES;
				INFOPLIST_KEY_UILaunchStoryboardName = LaunchScreen;
				INFOPLIST_KEY_UIMainStoryboardFile = Main;
				INFOPLIST_KEY_UISupportedInterfaceOrientations = UIInterfaceOrientationPortrait;
				LD_RUNPATH_SEARCH_PATHS = (
					"$(inherited)",
					"@executable_path/Frameworks",
				);
				MARKETING_VERSION = 1.0;
				PRODUCT_BUNDLE_IDENTIFIER = anzhelika.namesApp;
				PRODUCT_NAME = "$(TARGET_NAME)";
				SUPPORTED_PLATFORMS = "iphoneos iphonesimulator";
				SUPPORTS_MACCATALYST = NO;
				SUPPORTS_MAC_DESIGNED_FOR_IPHONE_IPAD = NO;
				SWIFT_EMIT_LOC_STRINGS = YES;
				SWIFT_VERSION = 5.0;
				TARGETED_DEVICE_FAMILY = 1;
			};
			name = Debug;
		};
		CEC070762ABC2C24004DCC10 /* Release */ = {
			isa = XCBuildConfiguration;
			buildSettings = {
				ASSETCATALOG_COMPILER_APPICON_NAME = AppIcon;
				ASSETCATALOG_COMPILER_GLOBAL_ACCENT_COLOR_NAME = AccentColor;
				CODE_SIGN_STYLE = Automatic;
				CURRENT_PROJECT_VERSION = 1;
				DEVELOPMENT_TEAM = Y85W9KQ42M;
				GENERATE_INFOPLIST_FILE = YES;
				INFOPLIST_FILE = namesApp/Info.plist;
				INFOPLIST_KEY_CFBundleDisplayName = namesApp;
				INFOPLIST_KEY_UIApplicationSupportsIndirectInputEvents = YES;
				INFOPLIST_KEY_UILaunchStoryboardName = LaunchScreen;
				INFOPLIST_KEY_UIMainStoryboardFile = Main;
				INFOPLIST_KEY_UISupportedInterfaceOrientations = UIInterfaceOrientationPortrait;
				LD_RUNPATH_SEARCH_PATHS = (
					"$(inherited)",
					"@executable_path/Frameworks",
				);
				MARKETING_VERSION = 1.0;
				PRODUCT_BUNDLE_IDENTIFIER = anzhelika.namesApp;
				PRODUCT_NAME = "$(TARGET_NAME)";
				SUPPORTED_PLATFORMS = "iphoneos iphonesimulator";
				SUPPORTS_MACCATALYST = NO;
				SUPPORTS_MAC_DESIGNED_FOR_IPHONE_IPAD = NO;
				SWIFT_EMIT_LOC_STRINGS = YES;
				SWIFT_VERSION = 5.0;
				TARGETED_DEVICE_FAMILY = 1;
			};
			name = Release;
		};
/* End XCBuildConfiguration section */

/* Begin XCConfigurationList section */
		CEC070432ABA2CB7004DCC10 /* Build configuration list for PBXProject "projects" */ = {
			isa = XCConfigurationList;
			buildConfigurations = (
				CEC0705A2ABA2CB8004DCC10 /* Debug */,
				CEC0705B2ABA2CB8004DCC10 /* Release */,
			);
			defaultConfigurationIsVisible = 0;
			defaultConfigurationName = Release;
		};
		CEC0705C2ABA2CB8004DCC10 /* Build configuration list for PBXNativeTarget "firstApp" */ = {
			isa = XCConfigurationList;
			buildConfigurations = (
				CEC0705D2ABA2CB8004DCC10 /* Debug */,
				CEC0705E2ABA2CB8004DCC10 /* Release */,
			);
			defaultConfigurationIsVisible = 0;
			defaultConfigurationName = Release;
		};
		CEC070742ABC2C24004DCC10 /* Build configuration list for PBXNativeTarget "namesApp" */ = {
			isa = XCConfigurationList;
			buildConfigurations = (
				CEC070752ABC2C24004DCC10 /* Debug */,
				CEC070762ABC2C24004DCC10 /* Release */,
			);
			defaultConfigurationIsVisible = 0;
			defaultConfigurationName = Release;
		};
/* End XCConfigurationList section */
	};
	rootObject = CEC070402ABA2CB7004DCC10 /* Project object */;
}
